hash: 41a99bd22830d49161264be74a9b65b945156b54308517a9769ae0c071bf6a6b
updated: 2017-06-15T17:37:53.09167935-04:00
imports:
- name: github.com/fatih/color
  version: 62e9147c64a1ed519147b62a56a14e83e2be02c1
- name: github.com/mattn/go-colorable
  version: 5411d3eea5978e6cdc258b30de592b60df6aba96
  repo: https://github.com/mattn/go-colorable
- name: github.com/mattn/go-isatty
  version: 57fdcb988a5c543893cc61bce354a6e24ab70022
  repo: https://github.com/mattn/go-isatty
- name: github.com/pkg/errors
  version: c605e284fe17294bda444b34710735b29d1a9d90
- name: golang.org/x/sys
  version: e24f485414aeafb646f6fca458b0bf869c0880a1
  repo: https://go.googlesource.com/sys
  subpackages:
  - unix
testImports: []
